
Microsoft Visual Studio Solution File, Format Version 12.00
# Visual Studio Version 16
VisualStudioVersion = 16.0.810.22
MinimumVisualStudioVersion = 10.0.40219.1
Project("{FAE04EC0-301F-11D3-BF4B-00C04F79EFBC}") = "Step1", "Step1.csproj", "{8F287454-6A46-4B0F-9E0F-0D3E517511E1}"
EndProject
Global
	GlobalSection(SolutionConfigurationPlatforms) = preSolution
		Debug|Any CPU = Debug|Any CPU
		Release|Any CPU = Release|Any CPU
	EndGlobalSection
	GlobalSection(ProjectConfigurationPlatforms) = postSolution
		{8F287454-6A46-4B0F-9E0F-0D3E517511E1}.Debug|Any CPU.ActiveCfg = Debug|Any CPU
		{8F287454-6A46-4B0F-9E0F-0D3E517511E1}.Debug|Any CPU.Build.0 = Debug|Any CPU
		{8F287454-6A46-4B0F-9E0F-0D3E517511E1}.Release|Any CPU.ActiveCfg = Release|Any CPU
		{8F287454-6A46-4B0F-9E0F-0D3E517511E1}.Release|Any CPU.Build.0 = Release|Any CPU
	EndGlobalSection
	GlobalSection(SolutionProperties) = preSolution
		HideSolutionNode = FALSE
	EndGlobalSection
	GlobalSection(ExtensibilityGlobals) = postSolution
		SolutionGuid = {C2240D58-39EE-4AA6-811D-F07D4C98834B}
	EndGlobalSection
EndGlobal
