
Microsoft Visual Studio Solution File, Format Version 12.00
# Visual Studio Version 17
VisualStudioVersion = 17.0.31611.283
MinimumVisualStudioVersion = 10.0.40219.1
Project("{9A19103F-16F7-4668-BE54-9A1E7A4F7556}") = "Step3", "Step3.csproj", "{B327F498-0E68-4324-9C1B-61AB244A0DA0}"
EndProject
Project("{FAE04EC0-301F-11D3-BF4B-00C04F79EFBC}") = "Step3.WatchOSApp", "Step3.WatchOSApp\Step3.WatchOSApp.csproj", "{E41C713E-C773-41FC-90DE-50D02C01F8B3}"
EndProject
Project("{FAE04EC0-301F-11D3-BF4B-00C04F79EFBC}") = "Step3.WatchOSExtension", "Step3.WatchOSExtension\Step3.WatchOSExtension.csproj", "{722C2EF1-946A-4A9B-8384-4223475FF314}"
EndProject
Project("{FAE04EC0-301F-11D3-BF4B-00C04F79EFBC}") = "Step3.WearOSApp", "Step3.WearOSApp\Step3.WearOSApp.csproj", "{BE613F00-CF24-4890-A177-D6F6D504C0ED}"
EndProject
Global
	GlobalSection(SolutionConfigurationPlatforms) = preSolution
		Debug|Any CPU = Debug|Any CPU
		Release|Any CPU = Release|Any CPU
		Debug|iPhoneSimulator = Debug|iPhoneSimulator
		Release|iPhone = Release|iPhone
		Release|iPhoneSimulator = Release|iPhoneSimulator
		Debug|iPhone = Debug|iPhone
	EndGlobalSection
	GlobalSection(ProjectConfigurationPlatforms) = postSolution
		{B327F498-0E68-4324-9C1B-61AB244A0DA0}.Debug|Any CPU.ActiveCfg = Debug|Any CPU
		{B327F498-0E68-4324-9C1B-61AB244A0DA0}.Debug|Any CPU.Build.0 = Debug|Any CPU
		{B327F498-0E68-4324-9C1B-61AB244A0DA0}.Debug|Any CPU.Deploy.0 = Debug|Any CPU
		{B327F498-0E68-4324-9C1B-61AB244A0DA0}.Release|Any CPU.ActiveCfg = Release|Any CPU
		{B327F498-0E68-4324-9C1B-61AB244A0DA0}.Release|Any CPU.Build.0 = Release|Any CPU
		{B327F498-0E68-4324-9C1B-61AB244A0DA0}.Release|Any CPU.Deploy.0 = Release|Any CPU
		{B327F498-0E68-4324-9C1B-61AB244A0DA0}.Debug|iPhoneSimulator.ActiveCfg = Debug|Any CPU
		{B327F498-0E68-4324-9C1B-61AB244A0DA0}.Debug|iPhoneSimulator.Build.0 = Debug|Any CPU
		{B327F498-0E68-4324-9C1B-61AB244A0DA0}.Release|iPhone.ActiveCfg = Release|Any CPU
		{B327F498-0E68-4324-9C1B-61AB244A0DA0}.Release|iPhone.Build.0 = Release|Any CPU
		{B327F498-0E68-4324-9C1B-61AB244A0DA0}.Release|iPhoneSimulator.ActiveCfg = Release|Any CPU
		{B327F498-0E68-4324-9C1B-61AB244A0DA0}.Release|iPhoneSimulator.Build.0 = Release|Any CPU
		{B327F498-0E68-4324-9C1B-61AB244A0DA0}.Debug|iPhone.ActiveCfg = Debug|Any CPU
		{B327F498-0E68-4324-9C1B-61AB244A0DA0}.Debug|iPhone.Build.0 = Debug|Any CPU
		{E41C713E-C773-41FC-90DE-50D02C01F8B3}.Debug|Any CPU.ActiveCfg = Debug|iPhoneSimulator
		{E41C713E-C773-41FC-90DE-50D02C01F8B3}.Debug|Any CPU.Build.0 = Debug|iPhoneSimulator
		{E41C713E-C773-41FC-90DE-50D02C01F8B3}.Release|Any CPU.ActiveCfg = Release|iPhone
		{E41C713E-C773-41FC-90DE-50D02C01F8B3}.Release|Any CPU.Build.0 = Release|iPhone
		{E41C713E-C773-41FC-90DE-50D02C01F8B3}.Debug|iPhoneSimulator.ActiveCfg = Debug|iPhoneSimulator
		{E41C713E-C773-41FC-90DE-50D02C01F8B3}.Debug|iPhoneSimulator.Build.0 = Debug|iPhoneSimulator
		{E41C713E-C773-41FC-90DE-50D02C01F8B3}.Release|iPhone.ActiveCfg = Release|iPhone
		{E41C713E-C773-41FC-90DE-50D02C01F8B3}.Release|iPhone.Build.0 = Release|iPhone
		{E41C713E-C773-41FC-90DE-50D02C01F8B3}.Release|iPhoneSimulator.ActiveCfg = Release|iPhoneSimulator
		{E41C713E-C773-41FC-90DE-50D02C01F8B3}.Release|iPhoneSimulator.Build.0 = Release|iPhoneSimulator
		{E41C713E-C773-41FC-90DE-50D02C01F8B3}.Debug|iPhone.ActiveCfg = Debug|iPhone
		{E41C713E-C773-41FC-90DE-50D02C01F8B3}.Debug|iPhone.Build.0 = Debug|iPhone
		{722C2EF1-946A-4A9B-8384-4223475FF314}.Debug|Any CPU.ActiveCfg = Debug|iPhoneSimulator
		{722C2EF1-946A-4A9B-8384-4223475FF314}.Debug|Any CPU.Build.0 = Debug|iPhoneSimulator
		{722C2EF1-946A-4A9B-8384-4223475FF314}.Release|Any CPU.ActiveCfg = Release|iPhone
		{722C2EF1-946A-4A9B-8384-4223475FF314}.Release|Any CPU.Build.0 = Release|iPhone
		{722C2EF1-946A-4A9B-8384-4223475FF314}.Debug|iPhoneSimulator.ActiveCfg = Debug|iPhoneSimulator
		{722C2EF1-946A-4A9B-8384-4223475FF314}.Debug|iPhoneSimulator.Build.0 = Debug|iPhoneSimulator
		{722C2EF1-946A-4A9B-8384-4223475FF314}.Release|iPhone.ActiveCfg = Release|iPhone
		{722C2EF1-946A-4A9B-8384-4223475FF314}.Release|iPhone.Build.0 = Release|iPhone
		{722C2EF1-946A-4A9B-8384-4223475FF314}.Release|iPhoneSimulator.ActiveCfg = Release|iPhoneSimulator
		{722C2EF1-946A-4A9B-8384-4223475FF314}.Release|iPhoneSimulator.Build.0 = Release|iPhoneSimulator
		{722C2EF1-946A-4A9B-8384-4223475FF314}.Debug|iPhone.ActiveCfg = Debug|iPhone
		{722C2EF1-946A-4A9B-8384-4223475FF314}.Debug|iPhone.Build.0 = Debug|iPhone
		{BE613F00-CF24-4890-A177-D6F6D504C0ED}.Debug|Any CPU.ActiveCfg = Debug|Any CPU
		{BE613F00-CF24-4890-A177-D6F6D504C0ED}.Debug|Any CPU.Build.0 = Debug|Any CPU
		{BE613F00-CF24-4890-A177-D6F6D504C0ED}.Release|Any CPU.ActiveCfg = Release|Any CPU
		{BE613F00-CF24-4890-A177-D6F6D504C0ED}.Release|Any CPU.Build.0 = Release|Any CPU
		{BE613F00-CF24-4890-A177-D6F6D504C0ED}.Debug|iPhoneSimulator.ActiveCfg = Debug|Any CPU
		{BE613F00-CF24-4890-A177-D6F6D504C0ED}.Debug|iPhoneSimulator.Build.0 = Debug|Any CPU
		{BE613F00-CF24-4890-A177-D6F6D504C0ED}.Release|iPhone.ActiveCfg = Release|Any CPU
		{BE613F00-CF24-4890-A177-D6F6D504C0ED}.Release|iPhone.Build.0 = Release|Any CPU
		{BE613F00-CF24-4890-A177-D6F6D504C0ED}.Release|iPhoneSimulator.ActiveCfg = Release|Any CPU
		{BE613F00-CF24-4890-A177-D6F6D504C0ED}.Release|iPhoneSimulator.Build.0 = Release|Any CPU
		{BE613F00-CF24-4890-A177-D6F6D504C0ED}.Debug|iPhone.ActiveCfg = Debug|Any CPU
		{BE613F00-CF24-4890-A177-D6F6D504C0ED}.Debug|iPhone.Build.0 = Debug|Any CPU
	EndGlobalSection
	GlobalSection(SolutionProperties) = preSolution
		HideSolutionNode = FALSE
	EndGlobalSection
	GlobalSection(ExtensibilityGlobals) = postSolution
		SolutionGuid = {61F7FB11-1E47-470C-91E2-47F8143E1572}
	EndGlobalSection
EndGlobal
